
Microsoft Visual Studio Solution File, Format Version 12.00
# Visual Studio Version 16
VisualStudioVersion = 16.0.809.0
MinimumVisualStudioVersion = 10.0.40219.1
Project("{FAE04EC0-301F-11D3-BF4B-00C04F79EFBC}") = "Event", "Event\Event.csproj", "{5310E991-9275-4158-AD4A-34E381134253}"
EndProject
Project("{2150E333-8FDC-42A3-9474-1A3956D46DE8}") = "App", "App", "{F9D8E1F3-1919-4F20-8055-4AF0A425183C}"
EndProject
Global
	GlobalSection(SolutionConfigurationPlatforms) = preSolution
		Debug|Any CPU = Debug|Any CPU
		Release|Any CPU = Release|Any CPU
	EndGlobalSection
	GlobalSection(ProjectConfigurationPlatforms) = postSolution
		{5310E991-9275-4158-AD4A-34E381134253}.Debug|Any CPU.ActiveCfg = Debug|Any CPU
		{5310E991-9275-4158-AD4A-34E381134253}.Debug|Any CPU.Build.0 = Debug|Any CPU
		{5310E991-9275-4158-AD4A-34E381134253}.Release|Any CPU.ActiveCfg = Release|Any CPU
		{5310E991-9275-4158-AD4A-34E381134253}.Release|Any CPU.Build.0 = Release|Any CPU
	EndGlobalSection
	GlobalSection(SolutionProperties) = preSolution
		HideSolutionNode = FALSE
	EndGlobalSection
	GlobalSection(ExtensibilityGlobals) = postSolution
		SolutionGuid = {BE60495A-62C4-4915-A4B5-7BB5ABA11782}
	EndGlobalSection
	GlobalSection(NestedProjects) = preSolution
		{5310E991-9275-4158-AD4A-34E381134253} = {F9D8E1F3-1919-4F20-8055-4AF0A425183C}
	EndGlobalSection
EndGlobal
